# This file is automatically @generated by Wally.
# It is not intended for manual editing.
registry = "test"

[[package]]
name = "37529/oxygen-was-my-dream"
version = "0.1.0"
dependencies = [["gizmo", "bosschaz1010/gizmo@1.0.0"], ["iris", "michael-48/iris@2.3.1"]]

[[package]]
name = "bosschaz1010/gizmo"
version = "1.0.0"
dependencies = []

[[package]]
name = "michael-48/iris"
version = "2.3.1"
dependencies = []
